{
  "name": "wamp",
  "version": "1.0.0",
  "lockfileVersion": 1,
  "requires": true,
  "dependencies": {
    "async-limiter": {
      "version": "1.0.1",
      "resolved": "https://registry.npmjs.org/async-limiter/-/async-limiter-1.0.1.tgz",
      "integrity": "sha512-csOlWGAcRFJaI6m+F2WKdnMKr4HhdhFVBk0H/QbJFMCr+uO2kwohwXQPxw/9OCxp05r5ghVBFSyioixx3gfkNQ==",
      "dev": true
    },
    "autobahn": {
      "version": "19.7.3",
      "resolved": "https://registry.npmjs.org/autobahn/-/autobahn-19.7.3.tgz",
      "integrity": "sha512-HZpQ/0ETjt7pNk8o1coVL2G7tdzSDQeeikynalsTnP5Iec/dSETyZzOrbDLKwykeAFGkXJmcmacIYAWuC/jrig==",
      "dev": true,
      "requires": {
        "bufferutil": "4.0.1",
        "cbor": "4.2.1",
        "crypto-js": "3.1.8",
        "msgpack5": "4.2.1",
        "tweetnacl": "1.0.1",
        "utf-8-validate": "5.0.2",
        "when": "3.7.8",
        "ws": "7.1.2"
      }
    },
    "bignumber.js": {
      "version": "9.0.0",
      "resolved": "https://registry.npmjs.org/bignumber.js/-/bignumber.js-9.0.0.tgz",
      "integrity": "sha512-t/OYhhJ2SD+YGBQcjY8GzzDHEk9f3nerxjtfa6tlMXfe7frs/WozhvCNoGvpM0P3bNf3Gq5ZRMlGr5f3r4/N8A==",
      "dev": true
    },
    "bl": {
      "version": "2.2.0",
      "resolved": "https://registry.npmjs.org/bl/-/bl-2.2.0.tgz",
      "integrity": "sha512-wbgvOpqopSr7uq6fJrLH8EsvYMJf9gzfo2jCsL2eTy75qXPukA4pCgHamOQkZtY5vmfVtjB+P3LNlMHW5CEZXA==",
      "dev": true,
      "requires": {
        "readable-stream": "2.3.6",
        "safe-buffer": "5.2.0"
      }
    },
    "bufferutil": {
      "version": "4.0.1",
      "resolved": "https://registry.npmjs.org/bufferutil/-/bufferutil-4.0.1.tgz",
      "integrity": "sha512-xowrxvpxojqkagPcWRQVXZl0YXhRhAtBEIq3VoER1NH5Mw1n1o0ojdspp+GS2J//2gCVyrzQDApQ4unGF+QOoA==",
      "dev": true,
      "optional": true,
      "requires": {
        "node-gyp-build": "3.7.0"
      }
    },
    "cbor": {
      "version": "4.2.1",
      "resolved": "https://registry.npmjs.org/cbor/-/cbor-4.2.1.tgz",
      "integrity": "sha512-qIb7O0l8hPl1BcwogGFO0t7sURuo0iSjhgGfOCSU3EGSSEoVdnN4PVUcKA4VW/o9IsuvigSDoOmAqYoWXMpRCw==",
      "dev": true,
      "requires": {
        "bignumber.js": "9.0.0",
        "commander": "2.20.0",
        "json-text-sequence": "0.1.1",
        "nofilter": "1.0.3"
      }
    },
    "commander": {
      "version": "2.20.0",
      "resolved": "https://registry.npmjs.org/commander/-/commander-2.20.0.tgz",
      "integrity": "sha512-7j2y+40w61zy6YC2iRNpUe/NwhNyoXrYpHMrSunaMG64nRnaf96zO/KMQR4OyN/UnE5KLyEBnKHd4aG3rskjpQ==",
      "dev": true
    },
    "core-util-is": {
      "version": "1.0.2",
      "resolved": "https://registry.npmjs.org/core-util-is/-/core-util-is-1.0.2.tgz",
      "integrity": "sha1-tf1UIgqivFq1eqtxQMlAdUUDwac=",
      "dev": true
    },
    "crypto-js": {
      "version": "3.1.8",
      "resolved": "https://registry.npmjs.org/crypto-js/-/crypto-js-3.1.8.tgz",
      "integrity": "sha1-cV8HC/YBTyrpkqmLOSkli3E/CNU=",
      "dev": true
    },
    "delimit-stream": {
      "version": "0.1.0",
      "resolved": "https://registry.npmjs.org/delimit-stream/-/delimit-stream-0.1.0.tgz",
      "integrity": "sha1-m4MZR3wOX4rrPONXrjBfwl6hzSs=",
      "dev": true
    },
    "inherits": {
      "version": "2.0.4",
      "resolved": "https://registry.npmjs.org/inherits/-/inherits-2.0.4.tgz",
      "integrity": "sha512-k/vGaX4/Yla3WzyMCvTQOXYeIHvqOKtnqBduzTHpzpQZzAskKMhZ2K+EnBiSM9zGSoIFeMpXKxa4dYeZIQqewQ==",
      "dev": true
    },
    "isarray": {
      "version": "1.0.0",
      "resolved": "https://registry.npmjs.org/isarray/-/isarray-1.0.0.tgz",
      "integrity": "sha1-u5NdSFgsuhaMBoNJV6VKPgcSTxE=",
      "dev": true
    },
    "json-text-sequence": {
      "version": "0.1.1",
      "resolved": "https://registry.npmjs.org/json-text-sequence/-/json-text-sequence-0.1.1.tgz",
      "integrity": "sha1-py8hfcSvxGKf/1/rME3BvVGi89I=",
      "dev": true,
      "requires": {
        "delimit-stream": "0.1.0"
      }
    },
    "msgpack5": {
      "version": "4.2.1",
      "resolved": "https://registry.npmjs.org/msgpack5/-/msgpack5-4.2.1.tgz",
      "integrity": "sha512-Xo7nE9ZfBVonQi1rSopNAqPdts/QHyuSEUwIEzAkB+V2FtmkkLUbP6MyVqVVQxsZYI65FpvW3Bb8Z9ZWEjbgHQ==",
      "dev": true,
      "requires": {
        "bl": "2.2.0",
        "inherits": "2.0.4",
        "readable-stream": "2.3.6",
        "safe-buffer": "5.2.0"
      }
    },
    "node-gyp-build": {
      "version": "3.7.0",
      "resolved": "https://registry.npmjs.org/node-gyp-build/-/node-gyp-build-3.7.0.tgz",
      "integrity": "sha512-L/Eg02Epx6Si2NXmedx+Okg+4UHqmaf3TNcxd50SF9NQGcJaON3AtU++kax69XV7YWz4tUspqZSAsVofhFKG2w==",
      "dev": true,
      "optional": true
    },
    "nofilter": {
      "version": "1.0.3",
      "resolved": "https://registry.npmjs.org/nofilter/-/nofilter-1.0.3.tgz",
      "integrity": "sha512-FlUlqwRK6reQCaFLAhMcF+6VkVG2caYjKQY3YsRDTl4/SEch595Qb3oLjJRDr8dkHAAOVj2pOx3VknfnSgkE5g==",
      "dev": true
    },
    "process-nextick-args": {
      "version": "2.0.1",
      "resolved": "https://registry.npmjs.org/process-nextick-args/-/process-nextick-args-2.0.1.tgz",
      "integrity": "sha512-3ouUOpQhtgrbOa17J7+uxOTpITYWaGP7/AhoR3+A+/1e9skrzelGi/dXzEYyvbxubEF6Wn2ypscTKiKJFFn1ag==",
      "dev": true
    },
    "readable-stream": {
      "version": "2.3.6",
      "resolved": "https://registry.npmjs.org/readable-stream/-/readable-stream-2.3.6.tgz",
      "integrity": "sha512-tQtKA9WIAhBF3+VLAseyMqZeBjW0AHJoxOtYqSUZNJxauErmLbVm2FW1y+J/YA9dUrAC39ITejlZWhVIwawkKw==",
      "dev": true,
      "requires": {
        "core-util-is": "1.0.2",
        "inherits": "2.0.4",
        "isarray": "1.0.0",
        "process-nextick-args": "2.0.1",
        "safe-buffer": "5.1.2",
        "string_decoder": "1.1.1",
        "util-deprecate": "1.0.2"
      },
      "dependencies": {
        "safe-buffer": {
          "version": "5.1.2",
          "resolved": "https://registry.npmjs.org/safe-buffer/-/safe-buffer-5.1.2.tgz",
          "integrity": "sha512-Gd2UZBJDkXlY7GbJxfsE8/nvKkUEU1G38c1siN6QP6a9PT9MmHB8GnpscSmMJSoF8LOIrt8ud/wPtojys4G6+g==",
          "dev": true
        }
      }
    },
    "safe-buffer": {
      "version": "5.2.0",
      "resolved": "https://registry.npmjs.org/safe-buffer/-/safe-buffer-5.2.0.tgz",
      "integrity": "sha512-fZEwUGbVl7kouZs1jCdMLdt95hdIv0ZeHg6L7qPeciMZhZ+/gdesW4wgTARkrFWEpspjEATAzUGPG8N2jJiwbg==",
      "dev": true
    },
    "string_decoder": {
      "version": "1.1.1",
      "resolved": "https://registry.npmjs.org/string_decoder/-/string_decoder-1.1.1.tgz",
      "integrity": "sha512-n/ShnvDi6FHbbVfviro+WojiFzv+s8MPMHBczVePfUpDJLwoLT0ht1l4YwBCbi8pJAveEEdnkHyPyTP/mzRfwg==",
      "dev": true,
      "requires": {
        "safe-buffer": "5.1.2"
      },
      "dependencies": {
        "safe-buffer": {
          "version": "5.1.2",
          "resolved": "https://registry.npmjs.org/safe-buffer/-/safe-buffer-5.1.2.tgz",
          "integrity": "sha512-Gd2UZBJDkXlY7GbJxfsE8/nvKkUEU1G38c1siN6QP6a9PT9MmHB8GnpscSmMJSoF8LOIrt8ud/wPtojys4G6+g==",
          "dev": true
        }
      }
    },
    "tweetnacl": {
      "version": "1.0.1",
      "resolved": "https://registry.npmjs.org/tweetnacl/-/tweetnacl-1.0.1.tgz",
      "integrity": "sha512-kcoMoKTPYnoeS50tzoqjPY3Uv9axeuuFAZY9M/9zFnhoVvRfxz9K29IMPD7jGmt2c8SW7i3gT9WqDl2+nV7p4A==",
      "dev": true
    },
    "utf-8-validate": {
      "version": "5.0.2",
      "resolved": "https://registry.npmjs.org/utf-8-validate/-/utf-8-validate-5.0.2.tgz",
      "integrity": "sha512-SwV++i2gTD5qh2XqaPzBnNX88N6HdyhQrNNRykvcS0QKvItV9u3vPEJr+X5Hhfb1JC0r0e1alL0iB09rY8+nmw==",
      "dev": true,
      "optional": true,
      "requires": {
        "node-gyp-build": "3.7.0"
      }
    },
    "util-deprecate": {
      "version": "1.0.2",
      "resolved": "https://registry.npmjs.org/util-deprecate/-/util-deprecate-1.0.2.tgz",
      "integrity": "sha1-RQ1Nyfpw3nMnYvvS1KKJgUGaDM8=",
      "dev": true
    },
    "when": {
      "version": "3.7.8",
      "resolved": "https://registry.npmjs.org/when/-/when-3.7.8.tgz",
      "integrity": "sha1-xxMLan6gRpPoQs3J56Hyqjmjn4I=",
      "dev": true
    },
    "ws": {
      "version": "7.1.2",
      "resolved": "https://registry.npmjs.org/ws/-/ws-7.1.2.tgz",
      "integrity": "sha512-gftXq3XI81cJCgkUiAVixA0raD9IVmXqsylCrjRygw4+UOOGzPoxnQ6r/CnVL9i+mDncJo94tSkyrtuuQVBmrg==",
      "dev": true,
      "requires": {
        "async-limiter": "^1.0.0"
      }
    }
  }
}
